{
  "name": "cpapp",
  "version": "1.0.0",
  "lockfileVersion": 1,
  "requires": true,
  "dependencies": {
    "@sap/ux-specification": {
      "version": "1.90.10",
      "resolved": "http://nginx-redirector.repo-cache.svc.cluster.local/repository/appstudio-npm-group/@sap/ux-specification/-/ux-specification-1.90.10.tgz",
      "integrity": "sha512-N46CcEIys+DAygqz73ilZo/gDorllf+vkdHIrWfSFCVW5inDI80jWd42RkU+lyc2G1/SUF4z+rgKd5cGskS5ew==",
      "dev": true
    }
  }
}
